// !$*UTF8*$!
{
	archiveVersion = 1;
	classes = {
	};
	objectVersion = 77;
	objects = {

/* Begin PBXBuildFile section */
		A6232C552FD1AE6700269B18 /* GameManager.swift in Sources */ = {isa = PBXBuildFile; fileRef = A6232C542FD1AE6700269B18 /* GameManager.swift */; };
		A6232C572FD1AE6C00269B18 /* HomeView.swift in Sources */ = {isa = PBXBuildFile; fileRef = A6232C562FD1AE6C00269B18 /* HomeView.swift */; };
		A6232C592FD1B5FF00269B18 /* SuccessView.swift in Sources */ = {isa = PBXBuildFile; fileRef = A6232C582FD1B5FF00269B18 /* SuccessView.swift */; };
		A6698D822FD4A1A1000CD105 /* SudokuDifficulty.swift in Sources */ = {isa = PBXBuildFile; fileRef = A6698D812FD4A1A1000CD105 /* SudokuDifficulty.swift */; };
		A6698D842FD4A1B4000CD105 /* LevelButtonLabel.swift in Sources */ = {isa = PBXBuildFile; fileRef = A6698D832FD4A1B4000CD105 /* LevelButtonLabel.swift */; };
		A6FB012C2FCDDC5400434A8C /* ICS3UCulminatingApp.swift in Sources */ = {isa = PBXBuildFile; fileRef = A6FB012B2FCDDC5400434A8C /* ICS3UCulminatingApp.swift */; };
		A6FB012E2FCDDC5400434A8C /* Assets.xcassets in Resources */ = {isa = PBXBuildFile; fileRef = A6FB012D2FCDDC5400434A8C /* Assets.xcassets */; };
		A6FB013B2FCDDC5400434A8C /* RELEASE.md in Resources */ = {isa = PBXBuildFile; fileRef = A6FB013A2FCDDC5400434A8C /* RELEASE.md */; };
		A6FB01402FCDE63200434A8C /* SudokuCell.swift in Sources */ = {isa = PBXBuildFile; fileRef = A6FB013F2FCDE63200434A8C /* SudokuCell.swift */; };
		A6FB01422FCDE63200434A8C /* SudokuBoard.swift in Sources */ = {isa = PBXBuildFile; fileRef = A6FB01412FCDE63200434A8C /* SudokuBoard.swift */; };
		A6FB01442FCE120C00434A8C /* SudokuViewModel.swift in Sources */ = {isa = PBXBuildFile; fileRef = A6FB01432FCE120C00434A8C /* SudokuViewModel.swift */; };
		A6FB01462FCE158900434A8C /* SudokuCellView.swift in Sources */ = {isa = PBXBuildFile; fileRef = A6FB01452FCE158900434A8C /* SudokuCellView.swift */; };
		A6FB01482FCE158900434A8C /* SudokuView.swift in Sources */ = {isa = PBXBuildFile; fileRef = A6FB01472FCE158900434A8C /* SudokuView.swift */; };
/* End PBXBuildFile section */

/* Begin PBXFileReference section */
		A6232C542FD1AE6700269B18 /* GameManager.swift */ = {isa = PBXFileReference; lastKnownFileType = sourcecode.swift; path = GameManager.swift; sourceTree = "<group>"; };
		A6232C562FD1AE6C00269B18 /* HomeView.swift */ = {isa = PBXFileReference; lastKnownFileType = sourcecode.swift; path = HomeView.swift; sourceTree = "<group>"; };
		A6232C582FD1B5FF00269B18 /* SuccessView.swift */ = {isa = PBXFileReference; lastKnownFileType = sourcecode.swift; path = SuccessView.swift; sourceTree = "<group>"; };
		A6698D812FD4A1A1000CD105 /* SudokuDifficulty.swift */ = {isa = PBXFileReference; lastKnownFileType = sourcecode.swift; path = SudokuDifficulty.swift; sourceTree = "<group>"; };
		A6698D832FD4A1B4000CD105 /* LevelButtonLabel.swift */ = {isa = PBXFileReference; lastKnownFileType = sourcecode.swift; path = LevelButtonLabel.swift; sourceTree = "<group>"; };
		A6FB01282FCDDC5400434A8C /* ICS3UCulminating.app */ = {isa = PBXFileReference; explicitFileType = wrapper.application; includeInIndex = 0; path = ICS3UCulminating.app; sourceTree = BUILT_PRODUCTS_DIR; };
		A6FB012B2FCDDC5400434A8C /* ICS3UCulminatingApp.swift */ = {isa = PBXFileReference; lastKnownFileType = sourcecode.swift; path = ICS3UCulminatingApp.swift; sourceTree = "<group>"; };
		A6FB012D2FCDDC5400434A8C /* Assets.xcassets */ = {isa = PBXFileReference; lastKnownFileType = folder.assetcatalog; path = Assets.xcassets; sourceTree = "<group>"; };
		A6FB013A2FCDDC5400434A8C /* RELEASE.md */ = {isa = PBXFileReference; lastKnownFileType = net.daringfireball.markdown; path = RELEASE.md; sourceTree = "<group>"; };
		A6FB013F2FCDE63200434A8C /* SudokuCell.swift */ = {isa = PBXFileReference; lastKnownFileType = sourcecode.swift; path = SudokuCell.swift; sourceTree = "<group>"; };
		A6FB01412FCDE63200434A8C /* SudokuBoard.swift */ = {isa = PBXFileReference; lastKnownFileType = sourcecode.swift; path = SudokuBoard.swift; sourceTree = "<group>"; };
		A6FB01432FCE120C00434A8C /* SudokuViewModel.swift */ = {isa = PBXFileReference; lastKnownFileType = sourcecode.swift; path = SudokuViewModel.swift; sourceTree = "<group>"; };
		A6FB01452FCE158900434A8C /* SudokuCellView.swift */ = {isa = PBXFileReference; lastKnownFileType = sourcecode.swift; path = SudokuCellView.swift; sourceTree = "<group>"; };
		A6FB01472FCE158900434A8C /* SudokuView.swift */ = {isa = PBXFileReference; lastKnownFileType = sourcecode.swift; path = SudokuView.swift; sourceTree = "<group>"; };
/* End PBXFileReference section */

/* Begin PBXFrameworksBuildPhase section */
		A6FB01252FCDDC5400434A8C /* Frameworks */ = {
			isa = PBXFrameworksBuildPhase;
			buildActionMask = 2147483647;
			files = (
			);
			runOnlyForDeploymentPostprocessing = 0;
		};
/* End PBXFrameworksBuildPhase section */

/* Begin PBXGroup section */
		A6FB011F2FCDDC5400434A8C = {
			isa = PBXGroup;
			children = (
				A6FB012A2FCDDC5400434A8C /* ICS3UCulminating */,
				A6FB01292FCDDC5400434A8C /* Products */,
			);
			sourceTree = "<group>";
		};
		A6FB01292FCDDC5400434A8C /* Products */ = {
			isa = PBXGroup;
			children = (
				A6FB01282FCDDC5400434A8C /* ICS3UCulminating.app */,
			);
			name = Products;
			sourceTree = "<group>";
		};
		A6FB012A2FCDDC5400434A8C /* ICS3UCulminating */ = {
			isa = PBXGroup;
			children = (
				A6FB012B2FCDDC5400434A8C /* ICS3UCulminatingApp.swift */,
				A6FB012D2FCDDC5400434A8C /* Assets.xcassets */,
				A6FB013A2FCDDC5400434A8C /* RELEASE.md */,
				A6FB012F2FCDDC5400434A8C /* Model */,
				A6FB01322FCDDC5400434A8C /* ViewModels */,
				A6FB01352FCDDC5400434A8C /* Views */,
			);
			path = ICS3UCulminating;
			sourceTree = "<group>";
		};
		A6FB012F2FCDDC5400434A8C /* Model */ = {
			isa = PBXGroup;
			children = (
				A6232C542FD1AE6700269B18 /* GameManager.swift */,
				A6698D832FD4A1B4000CD105 /* LevelButtonLabel.swift */,
				A6FB013F2FCDE63200434A8C /* SudokuCell.swift */,
				A6FB01412FCDE63200434A8C /* SudokuBoard.swift */,
				A6698D812FD4A1A1000CD105 /* SudokuDifficulty.swift */,
			);
			path = Model;
			sourceTree = "<group>";
		};
		A6FB01322FCDDC5400434A8C /* ViewModels */ = {
			isa = PBXGroup;
			children = (
				A6FB01432FCE120C00434A8C /* SudokuViewModel.swift */,
			);
			path = ViewModels;
			sourceTree = "<group>";
		};
		A6FB01352FCDDC5400434A8C /* Views */ = {
			isa = PBXGroup;
			children = (
				A6232C562FD1AE6C00269B18 /* HomeView.swift */,
				A6232C582FD1B5FF00269B18 /* SuccessView.swift */,
				A6FB01452FCE158900434A8C /* SudokuCellView.swift */,
				A6FB01472FCE158900434A8C /* SudokuView.swift */,
			);
			path = Views;
			sourceTree = "<group>";
		};
/* End PBXGroup section */

/* Begin PBXNativeTarget section */
		A6FB01272FCDDC5400434A8C /* ICS3UCulminating */ = {
			isa = PBXNativeTarget;
			buildConfigurationList = A6FB013C2FCDDC5400434A8C /* Build configuration list for PBXNativeTarget "ICS3UCulminating" */;
			buildPhases = (
				A6FB01242FCDDC5400434A8C /* Sources */,
				A6FB01252FCDDC5400434A8C /* Frameworks */,
				A6FB01262FCDDC5400434A8C /* Resources */,
			);
			buildRules = (
			);
			dependencies = (
			);
			name = ICS3UCulminating;
			packageProductDependencies = (
			);
			productName = ICS3UCulminating;
			productReference = A6FB01282FCDDC5400434A8C /* ICS3UCulminating.app */;
			productType = "com.apple.product-type.application";
		};
/* End PBXNativeTarget section */

/* Begin PBXProject section */
		A6FB01202FCDDC5400434A8C /* Project object */ = {
			isa = PBXProject;
			attributes = {
				BuildIndependentTargetsInParallel = 1;
				LastSwiftUpdateCheck = 2640;
				LastUpgradeCheck = 2640;
				TargetAttributes = {
					A6FB01272FCDDC5400434A8C = {
						CreatedOnToolsVersion = 26.4.1;
					};
				};
			};
			buildConfigurationList = A6FB01232FCDDC5400434A8C /* Build configuration list for PBXProject "ICS3UCulminating" */;
			developmentRegion = en;
			hasScannedForEncodings = 0;
			knownRegions = (
				en,
				Base,
			);
			mainGroup = A6FB011F2FCDDC5400434A8C;
			minimizedProjectReferenceProxies = 1;
			preferredProjectObjectVersion = 77;
			productRefGroup = A6FB01292FCDDC5400434A8C /* Products */;
			projectDirPath = "";
			projectRoot = "";
			targets = (
				A6FB01272FCDDC5400434A8C /* ICS3UCulminating */,
			);
		};
/* End PBXProject section */

/* Begin PBXResourcesBuildPhase section */
		A6FB01262FCDDC5400434A8C /* Resources */ = {
			isa = PBXResourcesBuildPhase;
			buildActionMask = 2147483647;
			files = (
				A6FB013B2FCDDC5400434A8C /* RELEASE.md in Resources */,
				A6FB012E2FCDDC5400434A8C /* Assets.xcassets in Resources */,
			);
			runOnlyForDeploymentPostprocessing = 0;
		};
/* End PBXResourcesBuildPhase section */

/* Begin PBXSourcesBuildPhase section */
		A6FB01242FCDDC5400434A8C /* Sources */ = {
			isa = PBXSourcesBuildPhase;
			buildActionMask = 2147483647;
			files = (
				A6FB01482FCE158900434A8C /* SudokuView.swift in Sources */,
				A6FB01422FCDE63200434A8C /* SudokuBoard.swift in Sources */,
				A6FB01402FCDE63200434A8C /* SudokuCell.swift in Sources */,
				A6232C552FD1AE6700269B18 /* GameManager.swift in Sources */,
				A6232C592FD1B5FF00269B18 /* SuccessView.swift in Sources */,
				A6698D822FD4A1A1000CD105 /* SudokuDifficulty.swift in Sources */,
				A6FB012C2FCDDC5400434A8C /* ICS3UCulminatingApp.swift in Sources */,
				A6232C572FD1AE6C00269B18 /* HomeView.swift in Sources */,
				A6FB01462FCE158900434A8C /* SudokuCellView.swift in Sources */,
				A6698D842FD4A1B4000CD105 /* LevelButtonLabel.swift in Sources */,
				A6FB01442FCE120C00434A8C /* SudokuViewModel.swift in Sources */,
			);
			runOnlyForDeploymentPostprocessing = 0;
		};
/* End PBXSourcesBuildPhase section */

/* Begin XCBuildConfiguration section */
		A6FB01212FCDDC5400434A8C /* Debug */ = {
			isa = XCBuildConfiguration;
			buildSettings = {
				COPY_PHASE_STRIP = NO;
			};
			name = Debug;
		};
		A6FB01222FCDDC5400434A8C /* Release */ = {
			isa = XCBuildConfiguration;
			buildSettings = {
				COPY_PHASE_STRIP = YES;
			};
			name = Release;
		};
		A6FB013D2FCDDC5400434A8C /* Debug */ = {
			isa = XCBuildConfiguration;
			buildSettings = {
				ALWAYS_SEARCH_USER_PATHS = NO;
				ASSETCATALOG_COMPILER_APPICON_NAME = AppIcon;
				ASSETCATALOG_COMPILER_GLOBAL_ACCENT_COLOR_NAME = AccentColor;
				CODE_SIGN_STYLE = Automatic;
				CURRENT_PROJECT_VERSION = 1;
				DEBUG_INFORMATION_FORMAT = dwarf;
				DEVELOPMENT_TEAM = 4UG443984D;
				ENABLE_PREVIEWS = YES;
				GENERATE_INFOPLIST_FILE = YES;
				INFOPLIST_KEY_UIApplicationSceneManifest_Generation = YES;
				INFOPLIST_KEY_UIApplicationSupportsIndirectInputEvents = YES;
				INFOPLIST_KEY_UILaunchScreen_Generation = YES;
				INFOPLIST_KEY_UISupportedInterfaceOrientations_iPad = "UIInterfaceOrientationPortrait UIInterfaceOrientationPortraitUpsideDown UIInterfaceOrientationLandscapeLeft UIInterfaceOrientationLandscapeRight";
				INFOPLIST_KEY_UISupportedInterfaceOrientations_iPhone = "UIInterfaceOrientationPortrait UIInterfaceOrientationLandscapeLeft UIInterfaceOrientationLandscapeRight";
				IPHONEOS_DEPLOYMENT_TARGET = 26.4;
				MARKETING_VERSION = 1.0;
				PRODUCT_BUNDLE_IDENTIFIER = ca.on.lcs.ICS3UCulminating;
				PRODUCT_NAME = "$(TARGET_NAME)";
				SDKROOT = iphoneos;
				STRING_CATALOG_GENERATE_SYMBOLS = YES;
				SWIFT_APPROACHABLE_CONCURRENCY = YES;
				SWIFT_DEFAULT_ACTOR_ISOLATION = MainActor;
				SWIFT_EMIT_LOC_STRINGS = YES;
				SWIFT_OPTIMIZATION_LEVEL = "-Onone";
				SWIFT_UPCOMING_FEATURE_MEMBER_IMPORT_VISIBILITY = YES;
				SWIFT_VERSION = 5.0;
				TARGETED_DEVICE_FAMILY = "1,2";
			};
			name = Debug;
		};
		A6FB013E2FCDDC5400434A8C /* Release */ = {
			isa = XCBuildConfiguration;
			buildSettings = {
				ALWAYS_SEARCH_USER_PATHS = NO;
				ASSETCATALOG_COMPILER_APPICON_NAME = AppIcon;
				ASSETCATALOG_COMPILER_GLOBAL_ACCENT_COLOR_NAME = AccentColor;
				CODE_SIGN_STYLE = Automatic;
				CURRENT_PROJECT_VERSION = 1;
				DEBUG_INFORMATION_FORMAT = dwarf;
				DEVELOPMENT_TEAM = 4UG443984D;
				ENABLE_PREVIEWS = YES;
				GENERATE_INFOPLIST_FILE = YES;
				INFOPLIST_KEY_UIApplicationSceneManifest_Generation = YES;
				INFOPLIST_KEY_UIApplicationSupportsIndirectInputEvents = YES;
				INFOPLIST_KEY_UILaunchScreen_Generation = YES;
				INFOPLIST_KEY_UISupportedInterfaceOrientations_iPad = "UIInterfaceOrientationPortrait UIInterfaceOrientationPortraitUpsideDown UIInterfaceOrientationLandscapeLeft UIInterfaceOrientationLandscapeRight";
				INFOPLIST_KEY_UISupportedInterfaceOrientations_iPhone = "UIInterfaceOrientationPortrait UIInterfaceOrientationLandscapeLeft UIInterfaceOrientationLandscapeRight";
				IPHONEOS_DEPLOYMENT_TARGET = 26.4;
				MARKETING_VERSION = 1.0;
				PRODUCT_BUNDLE_IDENTIFIER = ca.on.lcs.ICS3UCulminating;
				PRODUCT_NAME = "$(TARGET_NAME)";
				SDKROOT = iphoneos;
				STRING_CATALOG_GENERATE_SYMBOLS = YES;
				SWIFT_APPROACHABLE_CONCURRENCY = YES;
				SWIFT_DEFAULT_ACTOR_ISOLATION = MainActor;
				SWIFT_EMIT_LOC_STRINGS = YES;
				SWIFT_OPTIMIZATION_LEVEL = "-Onone";
				SWIFT_UPCOMING_FEATURE_MEMBER_IMPORT_VISIBILITY = YES;
				SWIFT_VERSION = 5.0;
				TARGETED_DEVICE_FAMILY = "1,2";
			};
			name = Release;
		};
/* End XCBuildConfiguration section */

/* Begin XCConfigurationList section */
		A6FB01232FCDDC5400434A8C /* Build configuration list for PBXProject "ICS3UCulminating" */ = {
			isa = XCConfigurationList;
			buildConfigurations = (
				A6FB01212FCDDC5400434A8C /* Debug */,
				A6FB01222FCDDC5400434A8C /* Release */,
			);
			defaultConfigurationIsVisible = 0;
			defaultConfigurationName = Release;
		};
		A6FB013C2FCDDC5400434A8C /* Build configuration list for PBXNativeTarget "ICS3UCulminating" */ = {
			isa = XCConfigurationList;
			buildConfigurations = (
				A6FB013D2FCDDC5400434A8C /* Debug */,
				A6FB013E2FCDDC5400434A8C /* Release */,
			);
			defaultConfigurationIsVisible = 0;
			defaultConfigurationName = Release;
		};
/* End XCConfigurationList section */
	};
	rootObject = A6FB01202FCDDC5400434A8C /* Project object */;
}
